{
	"name": "personal-assistant",
	"version": "1.0.0",
	"lockfileVersion": 3,
	"requires": true,
	"packages": {
		"": {
			"name": "personal-assistant",
			"version": "1.0.0",
			"license": "ISC",
			"dependencies": {
				"@anthropic-ai/claude-agent-sdk": "^0.1.30",
				"dotenv": "^17.2.3",
				"zod": "^3.25.76"
			},
			"devDependencies": {
				"@biomejs/biome": "^2.3.3",
				"@types/node": "^24.10.0",
				"typescript": "^5.9.3"
			}
		},
		"node_modules/@anthropic-ai/claude-agent-sdk": {
			"version": "0.1.30",
			"resolved": "https://registry.npmjs.org/@anthropic-ai/claude-agent-sdk/-/claude-agent-sdk-0.1.30.tgz",
			"integrity": "sha512-lo1tqxCr2vygagFp6kUMHKSN6AAWlULCskwGKtLB/JcIXy/8H8GsLSKX54anTsvc9mBbCR8wWASdFmiiL9NSKA==",
			"license": "SEE LICENSE IN README.md",
			"engines": {
				"node": ">=18.0.0"
			},
			"optionalDependencies": {
				"@img/sharp-darwin-arm64": "^0.33.5",
				"@img/sharp-darwin-x64": "^0.33.5",
				"@img/sharp-linux-arm": "^0.33.5",
				"@img/sharp-linux-arm64": "^0.33.5",
				"@img/sharp-linux-x64": "^0.33.5",
				"@img/sharp-win32-x64": "^0.33.5"
			},
			"peerDependencies": {
				"zod": "^3.24.1"
			}
		},
		"node_modules/@biomejs/biome": {
			"version": "2.3.3",
			"resolved": "https://registry.npmjs.org/@biomejs/biome/-/biome-2.3.3.tgz",
			"integrity": "sha512-zn/P1pRBCpDdhi+VNSMnpczOz9DnqzOA2c48K8xgxjDODvi5O8gs3a2H233rck/5HXpkFj6TmyoqVvxirZUnvg==",
			"dev": true,
			"license": "MIT OR Apache-2.0",
			"bin": {
				"biome": "bin/biome"
			},
			"engines": {
				"node": ">=14.21.3"
			},
			"funding": {
				"type": "opencollective",
				"url": "https://opencollective.com/biome"
			},
			"optionalDependencies": {
				"@biomejs/cli-darwin-arm64": "2.3.3",
				"@biomejs/cli-darwin-x64": "2.3.3",
				"@biomejs/cli-linux-arm64": "2.3.3",
				"@biomejs/cli-linux-arm64-musl": "2.3.3",
				"@biomejs/cli-linux-x64": "2.3.3",
				"@biomejs/cli-linux-x64-musl": "2.3.3",
				"@biomejs/cli-win32-arm64": "2.3.3",
				"@biomejs/cli-win32-x64": "2.3.3"
			}
		},
		"node_modules/@biomejs/cli-darwin-arm64": {
			"version": "2.3.3",
			"resolved": "https://registry.npmjs.org/@biomejs/cli-darwin-arm64/-/cli-darwin-arm64-2.3.3.tgz",
			"integrity": "sha512-5+JtW6RKmjqL9un0UtHV0ezOslAyYBzyl5ZhYiu7GHesX2x8NCDl6tXYrenv9m7e1RLbkO5E5Kh04kseMtz6lw==",
			"cpu": [
				"arm64"
			],
			"dev": true,
			"license": "MIT OR Apache-2.0",
			"optional": true,
			"os": [
				"darwin"
			],
			"engines": {
				"node": ">=14.21.3"
			}
		},
		"node_modules/@biomejs/cli-darwin-x64": {
			"version": "2.3.3",
			"resolved": "https://registry.npmjs.org/@biomejs/cli-darwin-x64/-/cli-darwin-x64-2.3.3.tgz",
			"integrity": "sha512-UPmKRalkHicvIpeccuKqq+/gA2HYV8FUnAEDJnqYBlGlycKqe6xrovWqvWTE4TTNpIFf4UQyuaDzLkN6Kz6tbA==",
			"cpu": [
				"x64"
			],
			"dev": true,
			"license": "MIT OR Apache-2.0",
			"optional": true,
			"os": [
				"darwin"
			],
			"engines": {
				"node": ">=14.21.3"
			}
		},
		"node_modules/@biomejs/cli-linux-arm64": {
			"version": "2.3.3",
			"resolved": "https://registry.npmjs.org/@biomejs/cli-linux-arm64/-/cli-linux-arm64-2.3.3.tgz",
			"integrity": "sha512-zeiKwALNB/hax7+LLhCYqhqzlWdTfgE9BGkX2Z8S4VmCYnGFrf2fON/ec6KCos7mra5MDm6fYICsEWN2+HKZhw==",
			"cpu": [
				"arm64"
			],
			"dev": true,
			"license": "MIT OR Apache-2.0",
			"optional": true,
			"os": [
				"linux"
			],
			"engines": {
				"node": ">=14.21.3"
			}
		},
		"node_modules/@biomejs/cli-linux-arm64-musl": {
			"version": "2.3.3",
			"resolved": "https://registry.npmjs.org/@biomejs/cli-linux-arm64-musl/-/cli-linux-arm64-musl-2.3.3.tgz",
			"integrity": "sha512-KhCDMV+V7Yu72v40ssGJTHuv/j0n7JQ6l0s/c+EMcX5zPYLMLr4XpmI+WXhp4Vfkz0T5Xnh5wbrTBI3f2UTpjQ==",
			"cpu": [
				"arm64"
			],
			"dev": true,
			"license": "MIT OR Apache-2.0",
			"optional": true,
			"os": [
				"linux"
			],
			"engines": {
				"node": ">=14.21.3"
			}
		},
		"node_modules/@biomejs/cli-linux-x64": {
			"version": "2.3.3",
			"resolved": "https://registry.npmjs.org/@biomejs/cli-linux-x64/-/cli-linux-x64-2.3.3.tgz",
			"integrity": "sha512-05CjPLbvVVU8J6eaO6iSEoA0FXKy2l6ddL+1h/VpiosCmIp3HxRKLOa1hhC1n+D13Z8g9b1DtnglGtM5U3sTag==",
			"cpu": [
				"x64"
			],
			"dev": true,
			"license": "MIT OR Apache-2.0",
			"optional": true,
			"os": [
				"linux"
			],
			"engines": {
				"node": ">=14.21.3"
			}
		},
		"node_modules/@biomejs/cli-linux-x64-musl": {
			"version": "2.3.3",
			"resolved": "https://registry.npmjs.org/@biomejs/cli-linux-x64-musl/-/cli-linux-x64-musl-2.3.3.tgz",
			"integrity": "sha512-IyqQ+jYzU5MVy9CK5NV0U+NnUMPUAhYMrB/x4QgL/Dl1MqzBVc61bHeyhLnKM6DSEk73/TQYrk/8/QmVHudLdQ==",
			"cpu": [
				"x64"
			],
			"dev": true,
			"license": "MIT OR Apache-2.0",
			"optional": true,
			"os": [
				"linux"
			],
			"engines": {
				"node": ">=14.21.3"
			}
		},
		"node_modules/@biomejs/cli-win32-arm64": {
			"version": "2.3.3",
			"resolved": "https://registry.npmjs.org/@biomejs/cli-win32-arm64/-/cli-win32-arm64-2.3.3.tgz",
			"integrity": "sha512-NtlLs3pdFqFAQYZjlEHKOwJEn3GEaz7rtR2oCrzaLT2Xt3Cfd55/VvodQ5V+X+KepLa956QJagckJrNL+DmumQ==",
			"cpu": [
				"arm64"
			],
			"dev": true,
			"license": "MIT OR Apache-2.0",
			"optional": true,
			"os": [
				"win32"
			],
			"engines": {
				"node": ">=14.21.3"
			}
		},
		"node_modules/@biomejs/cli-win32-x64": {
			"version": "2.3.3",
			"resolved": "https://registry.npmjs.org/@biomejs/cli-win32-x64/-/cli-win32-x64-2.3.3.tgz",
			"integrity": "sha512-klJKPPQvUk9Rlp0Dd56gQw/+Wt6uUprHdHWtbDC93f3Iv+knA2tLWpcYoOZJgPV+9s+RBmYv0DGy4mUlr20esg==",
			"cpu": [
				"x64"
			],
			"dev": true,
			"license": "MIT OR Apache-2.0",
			"optional": true,
			"os": [
				"win32"
			],
			"engines": {
				"node": ">=14.21.3"
			}
		},
		"node_modules/@img/sharp-darwin-arm64": {
			"version": "0.33.5",
			"resolved": "https://registry.npmjs.org/@img/sharp-darwin-arm64/-/sharp-darwin-arm64-0.33.5.tgz",
			"integrity": "sha512-UT4p+iz/2H4twwAoLCqfA9UH5pI6DggwKEGuaPy7nCVQ8ZsiY5PIcrRvD1DzuY3qYL07NtIQcWnBSY/heikIFQ==",
			"cpu": [
				"arm64"
			],
			"license": "Apache-2.0",
			"optional": true,
			"os": [
				"darwin"
			],
			"engines": {
				"node": "^18.17.0 || ^20.3.0 || >=21.0.0"
			},
			"funding": {
				"url": "https://opencollective.com/libvips"
			},
			"optionalDependencies": {
				"@img/sharp-libvips-darwin-arm64": "1.0.4"
			}
		},
		"node_modules/@img/sharp-darwin-x64": {
			"version": "0.33.5",
			"resolved": "https://registry.npmjs.org/@img/sharp-darwin-x64/-/sharp-darwin-x64-0.33.5.tgz",
			"integrity": "sha512-fyHac4jIc1ANYGRDxtiqelIbdWkIuQaI84Mv45KvGRRxSAa7o7d1ZKAOBaYbnepLC1WqxfpimdeWfvqqSGwR2Q==",
			"cpu": [
				"x64"
			],
			"license": "Apache-2.0",
			"optional": true,
			"os": [
				"darwin"
			],
			"engines": {
				"node": "^18.17.0 || ^20.3.0 || >=21.0.0"
			},
			"funding": {
				"url": "https://opencollective.com/libvips"
			},
			"optionalDependencies": {
				"@img/sharp-libvips-darwin-x64": "1.0.4"
			}
		},
		"node_modules/@img/sharp-libvips-darwin-arm64": {
			"version": "1.0.4",
			"resolved": "https://registry.npmjs.org/@img/sharp-libvips-darwin-arm64/-/sharp-libvips-darwin-arm64-1.0.4.tgz",
			"integrity": "sha512-XblONe153h0O2zuFfTAbQYAX2JhYmDHeWikp1LM9Hul9gVPjFY427k6dFEcOL72O01QxQsWi761svJ/ev9xEDg==",
			"cpu": [
				"arm64"
			],
			"license": "LGPL-3.0-or-later",
			"optional": true,
			"os": [
				"darwin"
			],
			"funding": {
				"url": "https://opencollective.com/libvips"
			}
		},
		"node_modules/@img/sharp-libvips-darwin-x64": {
			"version": "1.0.4",
			"resolved": "https://registry.npmjs.org/@img/sharp-libvips-darwin-x64/-/sharp-libvips-darwin-x64-1.0.4.tgz",
			"integrity": "sha512-xnGR8YuZYfJGmWPvmlunFaWJsb9T/AO2ykoP3Fz/0X5XV2aoYBPkX6xqCQvUTKKiLddarLaxpzNe+b1hjeWHAQ==",
			"cpu": [
				"x64"
			],
			"license": "LGPL-3.0-or-later",
			"optional": true,
			"os": [
				"darwin"
			],
			"funding": {
				"url": "https://opencollective.com/libvips"
			}
		},
		"node_modules/@img/sharp-libvips-linux-arm": {
			"version": "1.0.5",
			"resolved": "https://registry.npmjs.org/@img/sharp-libvips-linux-arm/-/sharp-libvips-linux-arm-1.0.5.tgz",
			"integrity": "sha512-gvcC4ACAOPRNATg/ov8/MnbxFDJqf/pDePbBnuBDcjsI8PssmjoKMAz4LtLaVi+OnSb5FK/yIOamqDwGmXW32g==",
			"cpu": [
				"arm"
			],
			"license": "LGPL-3.0-or-later",
			"optional": true,
			"os": [
				"linux"
			],
			"funding": {
				"url": "https://opencollective.com/libvips"
			}
		},
		"node_modules/@img/sharp-libvips-linux-arm64": {
			"version": "1.0.4",
			"resolved": "https://registry.npmjs.org/@img/sharp-libvips-linux-arm64/-/sharp-libvips-linux-arm64-1.0.4.tgz",
			"integrity": "sha512-9B+taZ8DlyyqzZQnoeIvDVR/2F4EbMepXMc/NdVbkzsJbzkUjhXv/70GQJ7tdLA4YJgNP25zukcxpX2/SueNrA==",
			"cpu": [
				"arm64"
			],
			"license": "LGPL-3.0-or-later",
			"optional": true,
			"os": [
				"linux"
			],
			"funding": {
				"url": "https://opencollective.com/libvips"
			}
		},
		"node_modules/@img/sharp-libvips-linux-x64": {
			"version": "1.0.4",
			"resolved": "https://registry.npmjs.org/@img/sharp-libvips-linux-x64/-/sharp-libvips-linux-x64-1.0.4.tgz",
			"integrity": "sha512-MmWmQ3iPFZr0Iev+BAgVMb3ZyC4KeFc3jFxnNbEPas60e1cIfevbtuyf9nDGIzOaW9PdnDciJm+wFFaTlj5xYw==",
			"cpu": [
				"x64"
			],
			"license": "LGPL-3.0-or-later",
			"optional": true,
			"os": [
				"linux"
			],
			"funding": {
				"url": "https://opencollective.com/libvips"
			}
		},
		"node_modules/@img/sharp-linux-arm": {
			"version": "0.33.5",
			"resolved": "https://registry.npmjs.org/@img/sharp-linux-arm/-/sharp-linux-arm-0.33.5.tgz",
			"integrity": "sha512-JTS1eldqZbJxjvKaAkxhZmBqPRGmxgu+qFKSInv8moZ2AmT5Yib3EQ1c6gp493HvrvV8QgdOXdyaIBrhvFhBMQ==",
			"cpu": [
				"arm"
			],
			"license": "Apache-2.0",
			"optional": true,
			"os": [
				"linux"
			],
			"engines": {
				"node": "^18.17.0 || ^20.3.0 || >=21.0.0"
			},
			"funding": {
				"url": "https://opencollective.com/libvips"
			},
			"optionalDependencies": {
				"@img/sharp-libvips-linux-arm": "1.0.5"
			}
		},
		"node_modules/@img/sharp-linux-arm64": {
			"version": "0.33.5",
			"resolved": "https://registry.npmjs.org/@img/sharp-linux-arm64/-/sharp-linux-arm64-0.33.5.tgz",
			"integrity": "sha512-JMVv+AMRyGOHtO1RFBiJy/MBsgz0x4AWrT6QoEVVTyh1E39TrCUpTRI7mx9VksGX4awWASxqCYLCV4wBZHAYxA==",
			"cpu": [
				"arm64"
			],
			"license": "Apache-2.0",
			"optional": true,
			"os": [
				"linux"
			],
			"engines": {
				"node": "^18.17.0 || ^20.3.0 || >=21.0.0"
			},
			"funding": {
				"url": "https://opencollective.com/libvips"
			},
			"optionalDependencies": {
				"@img/sharp-libvips-linux-arm64": "1.0.4"
			}
		},
		"node_modules/@img/sharp-linux-x64": {
			"version": "0.33.5",
			"resolved": "https://registry.npmjs.org/@img/sharp-linux-x64/-/sharp-linux-x64-0.33.5.tgz",
			"integrity": "sha512-opC+Ok5pRNAzuvq1AG0ar+1owsu842/Ab+4qvU879ippJBHvyY5n2mxF1izXqkPYlGuP/M556uh53jRLJmzTWA==",
			"cpu": [
				"x64"
			],
			"license": "Apache-2.0",
			"optional": true,
			"os": [
				"linux"
			],
			"engines": {
				"node": "^18.17.0 || ^20.3.0 || >=21.0.0"
			},
			"funding": {
				"url": "https://opencollective.com/libvips"
			},
			"optionalDependencies": {
				"@img/sharp-libvips-linux-x64": "1.0.4"
			}
		},
		"node_modules/@img/sharp-win32-x64": {
			"version": "0.33.5",
			"resolved": "https://registry.npmjs.org/@img/sharp-win32-x64/-/sharp-win32-x64-0.33.5.tgz",
			"integrity": "sha512-MpY/o8/8kj+EcnxwvrP4aTJSWw/aZ7JIGR4aBeZkZw5B7/Jn+tY9/VNwtcoGmdT7GfggGIU4kygOMSbYnOrAbg==",
			"cpu": [
				"x64"
			],
			"license": "Apache-2.0 AND LGPL-3.0-or-later",
			"optional": true,
			"os": [
				"win32"
			],
			"engines": {
				"node": "^18.17.0 || ^20.3.0 || >=21.0.0"
			},
			"funding": {
				"url": "https://opencollective.com/libvips"
			}
		},
		"node_modules/@types/node": {
			"version": "24.10.0",
			"resolved": "https://registry.npmjs.org/@types/node/-/node-24.10.0.tgz",
			"integrity": "sha512-qzQZRBqkFsYyaSWXuEHc2WR9c0a0CXwiE5FWUvn7ZM+vdy1uZLfCunD38UzhuB7YN/J11ndbDBcTmOdxJo9Q7A==",
			"dev": true,
			"license": "MIT",
			"dependencies": {
				"undici-types": "~7.16.0"
			}
		},
		"node_modules/dotenv": {
			"version": "17.2.3",
			"resolved": "https://registry.npmjs.org/dotenv/-/dotenv-17.2.3.tgz",
			"integrity": "sha512-JVUnt+DUIzu87TABbhPmNfVdBDt18BLOWjMUFJMSi/Qqg7NTYtabbvSNJGOJ7afbRuv9D/lngizHtP7QyLQ+9w==",
			"license": "BSD-2-Clause",
			"engines": {
				"node": ">=12"
			},
			"funding": {
				"url": "https://dotenvx.com"
			}
		},
		"node_modules/typescript": {
			"version": "5.9.3",
			"resolved": "https://registry.npmjs.org/typescript/-/typescript-5.9.3.tgz",
			"integrity": "sha512-jl1vZzPDinLr9eUt3J/t7V6FgNEw9QjvBPdysz9KfQDD41fQrC2Y4vKQdiaUpFT4bXlb1RHhLpp8wtm6M5TgSw==",
			"dev": true,
			"license": "Apache-2.0",
			"bin": {
				"tsc": "bin/tsc",
				"tsserver": "bin/tsserver"
			},
			"engines": {
				"node": ">=14.17"
			}
		},
		"node_modules/undici-types": {
			"version": "7.16.0",
			"resolved": "https://registry.npmjs.org/undici-types/-/undici-types-7.16.0.tgz",
			"integrity": "sha512-Zz+aZWSj8LE6zoxD+xrjh4VfkIG8Ya6LvYkZqtUQGJPZjYl53ypCaUwWqo7eI0x66KBGeRo+mlBEkMSeSZ38Nw==",
			"dev": true,
			"license": "MIT"
		},
		"node_modules/zod": {
			"version": "3.25.76",
			"resolved": "https://registry.npmjs.org/zod/-/zod-3.25.76.tgz",
			"integrity": "sha512-gzUt/qt81nXsFGKIFcC3YnfEAx5NkunCfnDlvuBSSFS02bcXu4Lmea0AFIUwbLWxWPx3d9p8S5QoaujKcNQxcQ==",
			"license": "MIT",
			"funding": {
				"url": "https://github.com/sponsors/colinhacks"
			}
		}
	}
}
